
Microsoft Visual Studio Solution File, Format Version 12.00
# Visual Studio Version 16
VisualStudioVersion = 16.0.30204.135
MinimumVisualStudioVersion = 10.0.40219.1
Project("{9A19103F-16F7-4668-BE54-9A1E7A4F7556}") = "com.mobiquity.packer", "com.mobiquity.packer\com.mobiquity.packer.csproj", "{C021E66B-CF66-4C52-8764-D0F4FE27461B}"
EndProject
Project("{9A19103F-16F7-4668-BE54-9A1E7A4F7556}") = "Test", "Test\Test.csproj", "{B6E9ABD0-CA52-4F9D-BF9D-16E14DCBA6B9}"
EndProject
Project("{9A19103F-16F7-4668-BE54-9A1E7A4F7556}") = "UnitTests", "UnitTests\UnitTests.csproj", "{7593B600-C004-4D0C-A6D6-CB0B8E710C41}"
EndProject
Global
	GlobalSection(SolutionConfigurationPlatforms) = preSolution
		Debug|Any CPU = Debug|Any CPU
		Release|Any CPU = Release|Any CPU
	EndGlobalSection
	GlobalSection(ProjectConfigurationPlatforms) = postSolution
		{C021E66B-CF66-4C52-8764-D0F4FE27461B}.Debug|Any CPU.ActiveCfg = Debug|Any CPU
		{C021E66B-CF66-4C52-8764-D0F4FE27461B}.Debug|Any CPU.Build.0 = Debug|Any CPU
		{C021E66B-CF66-4C52-8764-D0F4FE27461B}.Release|Any CPU.ActiveCfg = Release|Any CPU
		{C021E66B-CF66-4C52-8764-D0F4FE27461B}.Release|Any CPU.Build.0 = Release|Any CPU
		{B6E9ABD0-CA52-4F9D-BF9D-16E14DCBA6B9}.Debug|Any CPU.ActiveCfg = Debug|Any CPU
		{B6E9ABD0-CA52-4F9D-BF9D-16E14DCBA6B9}.Debug|Any CPU.Build.0 = Debug|Any CPU
		{B6E9ABD0-CA52-4F9D-BF9D-16E14DCBA6B9}.Release|Any CPU.ActiveCfg = Release|Any CPU
		{B6E9ABD0-CA52-4F9D-BF9D-16E14DCBA6B9}.Release|Any CPU.Build.0 = Release|Any CPU
		{7593B600-C004-4D0C-A6D6-CB0B8E710C41}.Debug|Any CPU.ActiveCfg = Debug|Any CPU
		{7593B600-C004-4D0C-A6D6-CB0B8E710C41}.Debug|Any CPU.Build.0 = Debug|Any CPU
		{7593B600-C004-4D0C-A6D6-CB0B8E710C41}.Release|Any CPU.ActiveCfg = Release|Any CPU
		{7593B600-C004-4D0C-A6D6-CB0B8E710C41}.Release|Any CPU.Build.0 = Release|Any CPU
	EndGlobalSection
	GlobalSection(SolutionProperties) = preSolution
		HideSolutionNode = FALSE
	EndGlobalSection
	GlobalSection(ExtensibilityGlobals) = postSolution
		SolutionGuid = {CB921B7B-A146-41A8-83BC-D61A202C59BE}
	EndGlobalSection
EndGlobal
